// !$*UTF8*$!
{
	archiveVersion = 1;
	classes = {
	};
	objectVersion = 50;
	objects = {

/* Begin PBXBuildFile section */
		1BB54F9020EE276D00D6ECF8 /* AppDelegate.swift in Sources */ = {isa = PBXBuildFile; fileRef = 1BB54F8F20EE276D00D6ECF8 /* AppDelegate.swift */; };
		1BB54F9220EE276D00D6ECF8 /* ViewController.swift in Sources */ = {isa = PBXBuildFile; fileRef = 1BB54F9120EE276D00D6ECF8 /* ViewController.swift */; };
		1BB54F9520EE276D00D6ECF8 /* Main.storyboard in Resources */ = {isa = PBXBuildFile; fileRef = 1BB54F9320EE276D00D6ECF8 /* Main.storyboard */; };
		1BB54F9720EE277000D6ECF8 /* Assets.xcassets in Resources */ = {isa = PBXBuildFile; fileRef = 1BB54F9620EE277000D6ECF8 /* Assets.xcassets */; };
		1BB54F9A20EE277000D6ECF8 /* LaunchScreen.storyboard in Resources */ = {isa = PBXBuildFile; fileRef = 1BB54F9820EE277000D6ECF8 /* LaunchScreen.storyboard */; };
		1BB54FB620EE362B00D6ECF8 /* FastLaneTestingUITests.swift in Sources */ = {isa = PBXBuildFile; fileRef = 1BB54FB520EE362B00D6ECF8 /* FastLaneTestingUITests.swift */; };
/* End PBXBuildFile section */

/* Begin PBXContainerItemProxy section */
		1BB54FB820EE362B00D6ECF8 /* PBXContainerItemProxy */ = {
			isa = PBXContainerItemProxy;
			containerPortal = 1BB54F8420EE276C00D6ECF8 /* Project object */;
			proxyType = 1;
			remoteGlobalIDString = 1BB54F8B20EE276C00D6ECF8;
			remoteInfo = FastLaneTesting;
		};
/* End PBXContainerItemProxy section */

/* Begin PBXFileReference section */
		1BB54F8C20EE276C00D6ECF8 /* FastLaneTesting.app */ = {isa = PBXFileReference; explicitFileType = wrapper.application; includeInIndex = 0; path = FastLaneTesting.app; sourceTree = BUILT_PRODUCTS_DIR; };
		1BB54F8F20EE276D00D6ECF8 /* AppDelegate.swift */ = {isa = PBXFileReference; lastKnownFileType = sourcecode.swift; path = AppDelegate.swift; sourceTree = "<group>"; };
		1BB54F9120EE276D00D6ECF8 /* ViewController.swift */ = {isa = PBXFileReference; lastKnownFileType = sourcecode.swift; path = ViewController.swift; sourceTree = "<group>"; };
		1BB54F9420EE276D00D6ECF8 /* Base */ = {isa = PBXFileReference; lastKnownFileType = file.storyboard; name = Base; path = Base.lproj/Main.storyboard; sourceTree = "<group>"; };
		1BB54F9620EE277000D6ECF8 /* Assets.xcassets */ = {isa = PBXFileReference; lastKnownFileType = folder.assetcatalog; path = Assets.xcassets; sourceTree = "<group>"; };
		1BB54F9920EE277000D6ECF8 /* Base */ = {isa = PBXFileReference; lastKnownFileType = file.storyboard; name = Base; path = Base.lproj/LaunchScreen.storyboard; sourceTree = "<group>"; };
		1BB54F9B20EE277000D6ECF8 /* Info.plist */ = {isa = PBXFileReference; lastKnownFileType = text.plist.xml; path = Info.plist; sourceTree = "<group>"; };
		1BB54FB320EE362B00D6ECF8 /* FastLaneTestingUITests.xctest */ = {isa = PBXFileReference; explicitFileType = wrapper.cfbundle; includeInIndex = 0; path = FastLaneTestingUITests.xctest; sourceTree = BUILT_PRODUCTS_DIR; };
		1BB54FB520EE362B00D6ECF8 /* FastLaneTestingUITests.swift */ = {isa = PBXFileReference; lastKnownFileType = sourcecode.swift; path = FastLaneTestingUITests.swift; sourceTree = "<group>"; };
		1BB54FB720EE362B00D6ECF8 /* Info.plist */ = {isa = PBXFileReference; lastKnownFileType = text.plist.xml; path = Info.plist; sourceTree = "<group>"; };
/* End PBXFileReference section */

/* Begin PBXFrameworksBuildPhase section */
		1BB54F8920EE276C00D6ECF8 /* Frameworks */ = {
			isa = PBXFrameworksBuildPhase;
			buildActionMask = 2147483647;
			files = (
			);
			runOnlyForDeploymentPostprocessing = 0;
		};
		1BB54FB020EE362B00D6ECF8 /* Frameworks */ = {
			isa = PBXFrameworksBuildPhase;
			buildActionMask = 2147483647;
			files = (
			);
			runOnlyForDeploymentPostprocessing = 0;
		};
/* End PBXFrameworksBuildPhase section */

/* Begin PBXGroup section */
		1BB54F8320EE276C00D6ECF8 = {
			isa = PBXGroup;
			children = (
				1BB54F8E20EE276C00D6ECF8 /* FastLaneTesting */,
				1BB54FB420EE362B00D6ECF8 /* FastLaneTestingUITests */,
				1BB54F8D20EE276C00D6ECF8 /* Products */,
			);
			sourceTree = "<group>";
		};
		1BB54F8D20EE276C00D6ECF8 /* Products */ = {
			isa = PBXGroup;
			children = (
				1BB54F8C20EE276C00D6ECF8 /* FastLaneTesting.app */,
				1BB54FB320EE362B00D6ECF8 /* FastLaneTestingUITests.xctest */,
			);
			name = Products;
			sourceTree = "<group>";
		};
		1BB54F8E20EE276C00D6ECF8 /* FastLaneTesting */ = {
			isa = PBXGroup;
			children = (
				1BB54F8F20EE276D00D6ECF8 /* AppDelegate.swift */,
				1BB54F9120EE276D00D6ECF8 /* ViewController.swift */,
				1BB54F9320EE276D00D6ECF8 /* Main.storyboard */,
				1BB54F9620EE277000D6ECF8 /* Assets.xcassets */,
				1BB54F9820EE277000D6ECF8 /* LaunchScreen.storyboard */,
				1BB54F9B20EE277000D6ECF8 /* Info.plist */,
			);
			path = FastLaneTesting;
			sourceTree = "<group>";
		};
		1BB54FB420EE362B00D6ECF8 /* FastLaneTestingUITests */ = {
			isa = PBXGroup;
			children = (
				1BB54FB520EE362B00D6ECF8 /* FastLaneTestingUITests.swift */,
				1BB54FB720EE362B00D6ECF8 /* Info.plist */,
			);
			path = FastLaneTestingUITests;
			sourceTree = "<group>";
		};
/* End PBXGroup section */

/* Begin PBXNativeTarget section */
		1BB54F8B20EE276C00D6ECF8 /* FastLaneTesting */ = {
			isa = PBXNativeTarget;
			buildConfigurationList = 1BB54F9E20EE277000D6ECF8 /* Build configuration list for PBXNativeTarget "FastLaneTesting" */;
			buildPhases = (
				1BB54F8820EE276C00D6ECF8 /* Sources */,
				1BB54F8920EE276C00D6ECF8 /* Frameworks */,
				1BB54F8A20EE276C00D6ECF8 /* Resources */,
			);
			buildRules = (
			);
			dependencies = (
			);
			name = FastLaneTesting;
			productName = FastLaneTesting;
			productReference = 1BB54F8C20EE276C00D6ECF8 /* FastLaneTesting.app */;
			productType = "com.apple.product-type.application";
		};
		1BB54FB220EE362B00D6ECF8 /* FastLaneTestingUITests */ = {
			isa = PBXNativeTarget;
			buildConfigurationList = 1BB54FBA20EE362B00D6ECF8 /* Build configuration list for PBXNativeTarget "FastLaneTestingUITests" */;
			buildPhases = (
				1BB54FAF20EE362B00D6ECF8 /* Sources */,
				1BB54FB020EE362B00D6ECF8 /* Frameworks */,
				1BB54FB120EE362B00D6ECF8 /* Resources */,
			);
			buildRules = (
			);
			dependencies = (
				1BB54FB920EE362B00D6ECF8 /* PBXTargetDependency */,
			);
			name = FastLaneTestingUITests;
			productName = FastLaneTestingUITests;
			productReference = 1BB54FB320EE362B00D6ECF8 /* FastLaneTestingUITests.xctest */;
			productType = "com.apple.product-type.bundle.ui-testing";
		};
/* End PBXNativeTarget section */

/* Begin PBXProject section */
		1BB54F8420EE276C00D6ECF8 /* Project object */ = {
			isa = PBXProject;
			attributes = {
				LastSwiftUpdateCheck = 0940;
				LastUpgradeCheck = 0940;
				ORGANIZATIONNAME = Parijat;
				TargetAttributes = {
					1BB54F8B20EE276C00D6ECF8 = {
						CreatedOnToolsVersion = 9.4.1;
					};
					1BB54FB220EE362B00D6ECF8 = {
						CreatedOnToolsVersion = 9.4.1;
						TestTargetID = 1BB54F8B20EE276C00D6ECF8;
					};
				};
			};
			buildConfigurationList = 1BB54F8720EE276C00D6ECF8 /* Build configuration list for PBXProject "FastLaneTesting" */;
			compatibilityVersion = "Xcode 9.3";
			developmentRegion = en;
			hasScannedForEncodings = 0;
			knownRegions = (
				en,
				Base,
			);
			mainGroup = 1BB54F8320EE276C00D6ECF8;
			productRefGroup = 1BB54F8D20EE276C00D6ECF8 /* Products */;
			projectDirPath = "";
			projectRoot = "";
			targets = (
				1BB54F8B20EE276C00D6ECF8 /* FastLaneTesting */,
				1BB54FB220EE362B00D6ECF8 /* FastLaneTestingUITests */,
			);
		};
/* End PBXProject section */

/* Begin PBXResourcesBuildPhase section */
		1BB54F8A20EE276C00D6ECF8 /* Resources */ = {
			isa = PBXResourcesBuildPhase;
			buildActionMask = 2147483647;
			files = (
				1BB54F9A20EE277000D6ECF8 /* LaunchScreen.storyboard in Resources */,
				1BB54F9720EE277000D6ECF8 /* Assets.xcassets in Resources */,
				1BB54F9520EE276D00D6ECF8 /* Main.storyboard in Resources */,
			);
			runOnlyForDeploymentPostprocessing = 0;
		};
		1BB54FB120EE362B00D6ECF8 /* Resources */ = {
			isa = PBXResourcesBuildPhase;
			buildActionMask = 2147483647;
			files = (
			);
			runOnlyForDeploymentPostprocessing = 0;
		};
/* End PBXResourcesBuildPhase section */

/* Begin PBXSourcesBuildPhase section */
		1BB54F8820EE276C00D6ECF8 /* Sources */ = {
			isa = PBXSourcesBuildPhase;
			buildActionMask = 2147483647;
			files = (
				1BB54F9220EE276D00D6ECF8 /* ViewController.swift in Sources */,
				1BB54F9020EE276D00D6ECF8 /* AppDelegate.swift in Sources */,
			);
			runOnlyForDeploymentPostprocessing = 0;
		};
		1BB54FAF20EE362B00D6ECF8 /* Sources */ = {
			isa = PBXSourcesBuildPhase;
			buildActionMask = 2147483647;
			files = (
				1BB54FB620EE362B00D6ECF8 /* FastLaneTestingUITests.swift in Sources */,
			);
			runOnlyForDeploymentPostprocessing = 0;
		};
/* End PBXSourcesBuildPhase section */

/* Begin PBXTargetDependency section */
		1BB54FB920EE362B00D6ECF8 /* PBXTargetDependency */ = {
			isa = PBXTargetDependency;
			target = 1BB54F8B20EE276C00D6ECF8 /* FastLaneTesting */;
			targetProxy = 1BB54FB820EE362B00D6ECF8 /* PBXContainerItemProxy */;
		};
/* End PBXTargetDependency section */

/* Begin PBXVariantGroup section */
		1BB54F9320EE276D00D6ECF8 /* Main.storyboard */ = {
			isa = PBXVariantGroup;
			children = (
				1BB54F9420EE276D00D6ECF8 /* Base */,
			);
			name = Main.storyboard;
			sourceTree = "<group>";
		};
		1BB54F9820EE277000D6ECF8 /* LaunchScreen.storyboard */ = {
			isa = PBXVariantGroup;
			children = (
				1BB54F9920EE277000D6ECF8 /* Base */,
			);
			name = LaunchScreen.storyboard;
			sourceTree = "<group>";
		};
/* End PBXVariantGroup section */

/* Begin XCBuildConfiguration section */
		1BB54F9C20EE277000D6ECF8 /* Debug */ = {
			isa = XCBuildConfiguration;
			buildSettings = {
				ALWAYS_SEARCH_USER_PATHS = NO;
				CLANG_ANALYZER_NONNULL = YES;
				CLANG_ANALYZER_NUMBER_OBJECT_CONVERSION = YES_AGGRESSIVE;
				CLANG_CXX_LANGUAGE_STANDARD = "gnu++14";
				CLANG_CXX_LIBRARY = "libc++";
				CLANG_ENABLE_MODULES = YES;
				CLANG_ENABLE_OBJC_ARC = YES;
				CLANG_ENABLE_OBJC_WEAK = YES;
				CLANG_WARN_BLOCK_CAPTURE_AUTORELEASING = YES;
				CLANG_WARN_BOOL_CONVERSION = YES;
				CLANG_WARN_COMMA = YES;
				CLANG_WARN_CONSTANT_CONVERSION = YES;
				CLANG_WARN_DEPRECATED_OBJC_IMPLEMENTATIONS = YES;
				CLANG_WARN_DIRECT_OBJC_ISA_USAGE = YES_ERROR;
				CLANG_WARN_DOCUMENTATION_COMMENTS = YES;
				CLANG_WARN_EMPTY_BODY = YES;
				CLANG_WARN_ENUM_CONVERSION = YES;
				CLANG_WARN_INFINITE_RECURSION = YES;
				CLANG_WARN_INT_CONVERSION = YES;
				CLANG_WARN_NON_LITERAL_NULL_CONVERSION = YES;
				CLANG_WARN_OBJC_IMPLICIT_RETAIN_SELF = YES;
				CLANG_WARN_OBJC_LITERAL_CONVERSION = YES;
				CLANG_WARN_OBJC_ROOT_CLASS = YES_ERROR;
				CLANG_WARN_RANGE_LOOP_ANALYSIS = YES;
				CLANG_WARN_STRICT_PROTOTYPES = YES;
				CLANG_WARN_SUSPICIOUS_MOVE = YES;
				CLANG_WARN_UNGUARDED_AVAILABILITY = YES_AGGRESSIVE;
				CLANG_WARN_UNREACHABLE_CODE = YES;
				CLANG_WARN__DUPLICATE_METHOD_MATCH = YES;
				CODE_SIGN_IDENTITY = "iPhone Developer";
				COPY_PHASE_STRIP = NO;
				DEBUG_INFORMATION_FORMAT = dwarf;
				ENABLE_STRICT_OBJC_MSGSEND = YES;
				ENABLE_TESTABILITY = YES;
				GCC_C_LANGUAGE_STANDARD = gnu11;
				GCC_DYNAMIC_NO_PIC = NO;
				GCC_NO_COMMON_BLOCKS = YES;
				GCC_OPTIMIZATION_LEVEL = 0;
				GCC_PREPROCESSOR_DEFINITIONS = (
					"DEBUG=1",
					"$(inherited)",
				);
				GCC_WARN_64_TO_32_BIT_CONVERSION = YES;
				GCC_WARN_ABOUT_RETURN_TYPE = YES_ERROR;
				GCC_WARN_UNDECLARED_SELECTOR = YES;
				GCC_WARN_UNINITIALIZED_AUTOS = YES_AGGRESSIVE;
				GCC_WARN_UNUSED_FUNCTION = YES;
				GCC_WARN_UNUSED_VARIABLE = YES;
				IPHONEOS_DEPLOYMENT_TARGET = 11.4;
				MTL_ENABLE_DEBUG_INFO = YES;
				ONLY_ACTIVE_ARCH = YES;
				SDKROOT = iphoneos;
				SWIFT_ACTIVE_COMPILATION_CONDITIONS = DEBUG;
				SWIFT_OPTIMIZATION_LEVEL = "-Onone";
			};
			name = Debug;
		};
		1BB54F9D20EE277000D6ECF8 /* Release */ = {
			isa = XCBuildConfiguration;
			buildSettings = {
				ALWAYS_SEARCH_USER_PATHS = NO;
				CLANG_ANALYZER_NONNULL = YES;
				CLANG_ANALYZER_NUMBER_OBJECT_CONVERSION = YES_AGGRESSIVE;
				CLANG_CXX_LANGUAGE_STANDARD = "gnu++14";
				CLANG_CXX_LIBRARY = "libc++";
				CLANG_ENABLE_MODULES = YES;
				CLANG_ENABLE_OBJC_ARC = YES;
				CLANG_ENABLE_OBJC_WEAK = YES;
				CLANG_WARN_BLOCK_CAPTURE_AUTORELEASING = YES;
				CLANG_WARN_BOOL_CONVERSION = YES;
				CLANG_WARN_COMMA = YES;
				CLANG_WARN_CONSTANT_CONVERSION = YES;
				CLANG_WARN_DEPRECATED_OBJC_IMPLEMENTATIONS = YES;
				CLANG_WARN_DIRECT_OBJC_ISA_USAGE = YES_ERROR;
				CLANG_WARN_DOCUMENTATION_COMMENTS = YES;
				CLANG_WARN_EMPTY_BODY = YES;
				CLANG_WARN_ENUM_CONVERSION = YES;
				CLANG_WARN_INFINITE_RECURSION = YES;
				CLANG_WARN_INT_CONVERSION = YES;
				CLANG_WARN_NON_LITERAL_NULL_CONVERSION = YES;
				CLANG_WARN_OBJC_IMPLICIT_RETAIN_SELF = YES;
				CLANG_WARN_OBJC_LITERAL_CONVERSION = YES;
				CLANG_WARN_OBJC_ROOT_CLASS = YES_ERROR;
				CLANG_WARN_RANGE_LOOP_ANALYSIS = YES;
				CLANG_WARN_STRICT_PROTOTYPES = YES;
				CLANG_WARN_SUSPICIOUS_MOVE = YES;
				CLANG_WARN_UNGUARDED_AVAILABILITY = YES_AGGRESSIVE;
				CLANG_WARN_UNREACHABLE_CODE = YES;
				CLANG_WARN__DUPLICATE_METHOD_MATCH = YES;
				CODE_SIGN_IDENTITY = "iPhone Developer";
				COPY_PHASE_STRIP = NO;
				DEBUG_INFORMATION_FORMAT = "dwarf-with-dsym";
				ENABLE_NS_ASSERTIONS = NO;
				ENABLE_STRICT_OBJC_MSGSEND = YES;
				GCC_C_LANGUAGE_STANDARD = gnu11;
				GCC_NO_COMMON_BLOCKS = YES;
				GCC_WARN_64_TO_32_BIT_CONVERSION = YES;
				GCC_WARN_ABOUT_RETURN_TYPE = YES_ERROR;
				GCC_WARN_UNDECLARED_SELECTOR = YES;
				GCC_WARN_UNINITIALIZED_AUTOS = YES_AGGRESSIVE;
				GCC_WARN_UNUSED_FUNCTION = YES;
				GCC_WARN_UNUSED_VARIABLE = YES;
				IPHONEOS_DEPLOYMENT_TARGET = 11.4;
				MTL_ENABLE_DEBUG_INFO = NO;
				SDKROOT = iphoneos;
				SWIFT_COMPILATION_MODE = wholemodule;
				SWIFT_OPTIMIZATION_LEVEL = "-O";
				VALIDATE_PRODUCT = YES;
			};
			name = Release;
		};
		1BB54F9F20EE277000D6ECF8 /* Debug */ = {
			isa = XCBuildConfiguration;
			buildSettings = {
				ASSETCATALOG_COMPILER_APPICON_NAME = AppIcon;
				CODE_SIGN_IDENTITY = "iPhone Distribution: DB Systel GmbH";
				CODE_SIGN_STYLE = Manual;
				DEVELOPMENT_TEAM = WY955LPLRA;
				INFOPLIST_FILE = FastLaneTesting/Info.plist;
				LD_RUNPATH_SEARCH_PATHS = (
					"$(inherited)",
					"@executable_path/Frameworks",
				);
				PRODUCT_BUNDLE_IDENTIFIER = com.dbsystel.jenkinstest;
				PRODUCT_NAME = "$(TARGET_NAME)";
				PROVISIONING_PROFILE = "2ecba152-c424-4aa2-981b-3347f280db7f";
				PROVISIONING_PROFILE_SPECIFIER = "adhoc-jenkins-test";
				SWIFT_VERSION = 4.0;
				TARGETED_DEVICE_FAMILY = "1,2";
			};
			name = Debug;
		};
		1BB54FA020EE277000D6ECF8 /* Release */ = {
			isa = XCBuildConfiguration;
			buildSettings = {
				ASSETCATALOG_COMPILER_APPICON_NAME = AppIcon;
				CODE_SIGN_IDENTITY = "iPhone Distribution: DB Systel GmbH";
				CODE_SIGN_STYLE = Manual;
				DEVELOPMENT_TEAM = WY955LPLRA;
				INFOPLIST_FILE = FastLaneTesting/Info.plist;
				LD_RUNPATH_SEARCH_PATHS = (
					"$(inherited)",
					"@executable_path/Frameworks",
				);
				PRODUCT_BUNDLE_IDENTIFIER = com.dbsystel.jenkinstest;
				PRODUCT_NAME = "$(TARGET_NAME)";
				PROVISIONING_PROFILE = "2ecba152-c424-4aa2-981b-3347f280db7f";
				PROVISIONING_PROFILE_SPECIFIER = "adhoc-jenkins-test";
				SWIFT_VERSION = 4.0;
				TARGETED_DEVICE_FAMILY = "1,2";
			};
			name = Release;
		};
		1BB54FBB20EE362B00D6ECF8 /* Debug */ = {
			isa = XCBuildConfiguration;
			buildSettings = {
				CODE_SIGN_STYLE = Automatic;
				INFOPLIST_FILE = FastLaneTestingUITests/Info.plist;
				LD_RUNPATH_SEARCH_PATHS = (
					"$(inherited)",
					"@executable_path/Frameworks",
					"@loader_path/Frameworks",
				);
				PRODUCT_BUNDLE_IDENTIFIER = parijat.FastLaneTestingUITests;
				PRODUCT_NAME = "$(TARGET_NAME)";
				PROVISIONING_PROFILE = "2ecba152-c424-4aa2-981b-3347f280db7f";
				SWIFT_VERSION = 4.0;
				TARGETED_DEVICE_FAMILY = "1,2";
				TEST_TARGET_NAME = FastLaneTesting;
			};
			name = Debug;
		};
		1BB54FBC20EE362B00D6ECF8 /* Release */ = {
			isa = XCBuildConfiguration;
			buildSettings = {
				CODE_SIGN_STYLE = Automatic;
				INFOPLIST_FILE = FastLaneTestingUITests/Info.plist;
				LD_RUNPATH_SEARCH_PATHS = (
					"$(inherited)",
					"@executable_path/Frameworks",
					"@loader_path/Frameworks",
				);
				PRODUCT_BUNDLE_IDENTIFIER = parijat.FastLaneTestingUITests;
				PRODUCT_NAME = "$(TARGET_NAME)";
				PROVISIONING_PROFILE = "2ecba152-c424-4aa2-981b-3347f280db7f";
				SWIFT_VERSION = 4.0;
				TARGETED_DEVICE_FAMILY = "1,2";
				TEST_TARGET_NAME = FastLaneTesting;
			};
			name = Release;
		};
/* End XCBuildConfiguration section */

/* Begin XCConfigurationList section */
		1BB54F8720EE276C00D6ECF8 /* Build configuration list for PBXProject "FastLaneTesting" */ = {
			isa = XCConfigurationList;
			buildConfigurations = (
				1BB54F9C20EE277000D6ECF8 /* Debug */,
				1BB54F9D20EE277000D6ECF8 /* Release */,
			);
			defaultConfigurationIsVisible = 0;
			defaultConfigurationName = Release;
		};
		1BB54F9E20EE277000D6ECF8 /* Build configuration list for PBXNativeTarget "FastLaneTesting" */ = {
			isa = XCConfigurationList;
			buildConfigurations = (
				1BB54F9F20EE277000D6ECF8 /* Debug */,
				1BB54FA020EE277000D6ECF8 /* Release */,
			);
			defaultConfigurationIsVisible = 0;
			defaultConfigurationName = Release;
		};
		1BB54FBA20EE362B00D6ECF8 /* Build configuration list for PBXNativeTarget "FastLaneTestingUITests" */ = {
			isa = XCConfigurationList;
			buildConfigurations = (
				1BB54FBB20EE362B00D6ECF8 /* Debug */,
				1BB54FBC20EE362B00D6ECF8 /* Release */,
			);
			defaultConfigurationIsVisible = 0;
			defaultConfigurationName = Release;
		};
/* End XCConfigurationList section */
	};
	rootObject = 1BB54F8420EE276C00D6ECF8 /* Project object */;
}
